
Microsoft Visual Studio Solution File, Format Version 12.00
Project("{FAE04EC0-301F-11D3-BF4B-00C04F79EFBC}") = "HttpServer", "HttpServer\HttpServer.csproj", "{0C1D397E-4435-4BB9-A0B8-6DAAEF7E7642}"
EndProject
Global
	GlobalSection(SolutionConfigurationPlatforms) = preSolution
		Debug|Any CPU = Debug|Any CPU
		Release|Any CPU = Release|Any CPU
	EndGlobalSection
	GlobalSection(ProjectConfigurationPlatforms) = postSolution
		{0C1D397E-4435-4BB9-A0B8-6DAAEF7E7642}.Debug|Any CPU.ActiveCfg = Debug|Any CPU
		{0C1D397E-4435-4BB9-A0B8-6DAAEF7E7642}.Debug|Any CPU.Build.0 = Debug|Any CPU
		{0C1D397E-4435-4BB9-A0B8-6DAAEF7E7642}.Release|Any CPU.ActiveCfg = Release|Any CPU
		{0C1D397E-4435-4BB9-A0B8-6DAAEF7E7642}.Release|Any CPU.Build.0 = Release|Any CPU
	EndGlobalSection
EndGlobal
